
Microsoft Visual Studio Solution File, Format Version 12.00
# Visual Studio 15
VisualStudioVersion = 15.0.27428.2015
MinimumVisualStudioVersion = 10.0.40219.1
Project("{151D2E53-A2C4-4D7D-83FE-D05416EBD58E}") = "Sync-Stream AG vmss Web Server Scale Set", "Sync-Stream AG vmss Web Server Scale Set\Sync-Stream AG vmss Web Server Scale Set.deployproj", "{E3D67671-37A9-4F8B-BF67-D4C0428FF0ED}"
EndProject
Global
	GlobalSection(SolutionConfigurationPlatforms) = preSolution
		Debug|Any CPU = Debug|Any CPU
		Release|Any CPU = Release|Any CPU
	EndGlobalSection
	GlobalSection(ProjectConfigurationPlatforms) = postSolution
		{E3D67671-37A9-4F8B-BF67-D4C0428FF0ED}.Debug|Any CPU.ActiveCfg = Release|Any CPU
		{E3D67671-37A9-4F8B-BF67-D4C0428FF0ED}.Debug|Any CPU.Build.0 = Release|Any CPU
		{E3D67671-37A9-4F8B-BF67-D4C0428FF0ED}.Release|Any CPU.ActiveCfg = Release|Any CPU
		{E3D67671-37A9-4F8B-BF67-D4C0428FF0ED}.Release|Any CPU.Build.0 = Release|Any CPU
	EndGlobalSection
	GlobalSection(SolutionProperties) = preSolution
		HideSolutionNode = FALSE
	EndGlobalSection
	GlobalSection(ExtensibilityGlobals) = postSolution
		SolutionGuid = {53AC9696-2E3E-4C30-A12C-BC7B642A15FF}
	EndGlobalSection
EndGlobal
